
Microsoft Visual Studio Solution File, Format Version 12.00
# Visual Studio Version 17
VisualStudioVersion = 17.2.32602.215
MinimumVisualStudioVersion = 10.0.40219.1
Project("{FAE04EC0-301F-11D3-BF4B-00C04F79EFBC}") = "mongoASPTutorial", "mongoASPTutorial\mongoASPTutorial.csproj", "{ACF1ED64-CD73-4BA5-8A1C-F48424500364}"
EndProject
Global
	GlobalSection(SolutionConfigurationPlatforms) = preSolution
		Debug|Any CPU = Debug|Any CPU
		Release|Any CPU = Release|Any CPU
	EndGlobalSection
	GlobalSection(ProjectConfigurationPlatforms) = postSolution
		{ACF1ED64-CD73-4BA5-8A1C-F48424500364}.Debug|Any CPU.ActiveCfg = Debug|Any CPU
		{ACF1ED64-CD73-4BA5-8A1C-F48424500364}.Debug|Any CPU.Build.0 = Debug|Any CPU
		{ACF1ED64-CD73-4BA5-8A1C-F48424500364}.Release|Any CPU.ActiveCfg = Release|Any CPU
		{ACF1ED64-CD73-4BA5-8A1C-F48424500364}.Release|Any CPU.Build.0 = Release|Any CPU
	EndGlobalSection
	GlobalSection(SolutionProperties) = preSolution
		HideSolutionNode = FALSE
	EndGlobalSection
	GlobalSection(ExtensibilityGlobals) = postSolution
		SolutionGuid = {A41ED1A6-EF69-4B80-A0EC-C354859E4B3F}
	EndGlobalSection
EndGlobal
